{
  "name": "quantum-lottery-system",
  "version": "1.0.0",
  "lockfileVersion": 3,
  "requires": true,
  "packages": {
    "": {
      "name": "quantum-lottery-system",
      "version": "1.0.0",
      "dependencies": {
        "hardhat": "^2.19.0"
      }
    },
    "node_modules/hardhat": {
      "version": "2.19.0",
      "resolved": "https://registry.npmjs.org/hardhat/-/hardhat-2.19.0.tgz",
      "integrity": "sha512-3R5A0TMTV+5sbZdkA2aMPO7ed2N9oOh3RgUw1lJwVkC3R4p/RLUc7+TOzQQQYQybqkXVxfcIYSgktP8cVTaAA=="
    }
  }
}
